
Microsoft Visual Studio Solution File, Format Version 12.00
# Visual Studio Version 17
VisualStudioVersion = 17.2.32630.192
MinimumVisualStudioVersion = 10.0.40219.1
Project("{2150E333-8FDC-42A3-9474-1A3956D46DE8}") = "Services", "Services", "{D85110A3-F063-479A-93E5-FBDA48E6F976}"
EndProject
Project("{2150E333-8FDC-42A3-9474-1A3956D46DE8}") = "Catalog", "Catalog", "{1C93D8E4-333F-4803-826C-237064FE0227}"
EndProject
Project("{FAE04EC0-301F-11D3-BF4B-00C04F79EFBC}") = "Catalog.API", "Services\Catalog\Catalog.API\Catalog.API.csproj", "{709484A1-AEEE-4896-80FC-430E5D10B843}"
EndProject
Project("{FAE04EC0-301F-11D3-BF4B-00C04F79EFBC}") = "Catalog.Application", "Services\Catalog\Catalog.Application\Catalog.Application.csproj", "{4C7D60FA-2FCB-4CFE-8E94-338A39F67DE7}"
EndProject
Project("{FAE04EC0-301F-11D3-BF4B-00C04F79EFBC}") = "Catalog.Infrastructure", "Services\Catalog\Catalog.Infrastructure\Catalog.Infrastructure.csproj", "{CC11ECDF-B416-456E-8770-5FEC139E35B8}"
EndProject
Project("{FAE04EC0-301F-11D3-BF4B-00C04F79EFBC}") = "Catalog.Domain", "Services\Catalog\Catalog.Domain\Catalog.Domain.csproj", "{2A31BA35-2496-4158-8680-B9541C7B847A}"
EndProject
Project("{E53339B2-1760-4266-BCC7-CA923CBCF16C}") = "docker-compose", "docker-compose.dcproj", "{60E98CC6-03DA-4BB7-8DC3-7F10D54F9FA7}"
EndProject
Global
	GlobalSection(SolutionConfigurationPlatforms) = preSolution
		Debug|Any CPU = Debug|Any CPU
		Release|Any CPU = Release|Any CPU
	EndGlobalSection
	GlobalSection(ProjectConfigurationPlatforms) = postSolution
		{709484A1-AEEE-4896-80FC-430E5D10B843}.Debug|Any CPU.ActiveCfg = Debug|Any CPU
		{709484A1-AEEE-4896-80FC-430E5D10B843}.Debug|Any CPU.Build.0 = Debug|Any CPU
		{709484A1-AEEE-4896-80FC-430E5D10B843}.Release|Any CPU.ActiveCfg = Release|Any CPU
		{709484A1-AEEE-4896-80FC-430E5D10B843}.Release|Any CPU.Build.0 = Release|Any CPU
		{4C7D60FA-2FCB-4CFE-8E94-338A39F67DE7}.Debug|Any CPU.ActiveCfg = Debug|Any CPU
		{4C7D60FA-2FCB-4CFE-8E94-338A39F67DE7}.Debug|Any CPU.Build.0 = Debug|Any CPU
		{4C7D60FA-2FCB-4CFE-8E94-338A39F67DE7}.Release|Any CPU.ActiveCfg = Release|Any CPU
		{4C7D60FA-2FCB-4CFE-8E94-338A39F67DE7}.Release|Any CPU.Build.0 = Release|Any CPU
		{CC11ECDF-B416-456E-8770-5FEC139E35B8}.Debug|Any CPU.ActiveCfg = Debug|Any CPU
		{CC11ECDF-B416-456E-8770-5FEC139E35B8}.Debug|Any CPU.Build.0 = Debug|Any CPU
		{CC11ECDF-B416-456E-8770-5FEC139E35B8}.Release|Any CPU.ActiveCfg = Release|Any CPU
		{CC11ECDF-B416-456E-8770-5FEC139E35B8}.Release|Any CPU.Build.0 = Release|Any CPU
		{2A31BA35-2496-4158-8680-B9541C7B847A}.Debug|Any CPU.ActiveCfg = Debug|Any CPU
		{2A31BA35-2496-4158-8680-B9541C7B847A}.Debug|Any CPU.Build.0 = Debug|Any CPU
		{2A31BA35-2496-4158-8680-B9541C7B847A}.Release|Any CPU.ActiveCfg = Release|Any CPU
		{2A31BA35-2496-4158-8680-B9541C7B847A}.Release|Any CPU.Build.0 = Release|Any CPU
		{60E98CC6-03DA-4BB7-8DC3-7F10D54F9FA7}.Debug|Any CPU.ActiveCfg = Debug|Any CPU
		{60E98CC6-03DA-4BB7-8DC3-7F10D54F9FA7}.Debug|Any CPU.Build.0 = Debug|Any CPU
		{60E98CC6-03DA-4BB7-8DC3-7F10D54F9FA7}.Release|Any CPU.ActiveCfg = Release|Any CPU
		{60E98CC6-03DA-4BB7-8DC3-7F10D54F9FA7}.Release|Any CPU.Build.0 = Release|Any CPU
	EndGlobalSection
	GlobalSection(SolutionProperties) = preSolution
		HideSolutionNode = FALSE
	EndGlobalSection
	GlobalSection(NestedProjects) = preSolution
		{1C93D8E4-333F-4803-826C-237064FE0227} = {D85110A3-F063-479A-93E5-FBDA48E6F976}
		{709484A1-AEEE-4896-80FC-430E5D10B843} = {1C93D8E4-333F-4803-826C-237064FE0227}
		{4C7D60FA-2FCB-4CFE-8E94-338A39F67DE7} = {1C93D8E4-333F-4803-826C-237064FE0227}
		{CC11ECDF-B416-456E-8770-5FEC139E35B8} = {1C93D8E4-333F-4803-826C-237064FE0227}
		{2A31BA35-2496-4158-8680-B9541C7B847A} = {1C93D8E4-333F-4803-826C-237064FE0227}
	EndGlobalSection
	GlobalSection(ExtensibilityGlobals) = postSolution
		SolutionGuid = {6192FE8C-FB5A-47BE-9ACC-902BF5209F2D}
	EndGlobalSection
EndGlobal
