
Microsoft Visual Studio Solution File, Format Version 12.00
# Visual Studio Version 17
VisualStudioVersion = 17.2.32630.192
MinimumVisualStudioVersion = 10.0.40219.1
Project("{2150E333-8FDC-42A3-9474-1A3956D46DE8}") = "Services", "Services", "{D85110A3-F063-479A-93E5-FBDA48E6F976}"
EndProject
Project("{2150E333-8FDC-42A3-9474-1A3956D46DE8}") = "Catalog", "Catalog", "{1C93D8E4-333F-4803-826C-237064FE0227}"
EndProject
Project("{9A19103F-16F7-4668-BE54-9A1E7A4F7556}") = "Catalog.API", "Services\Catalog\Catalog.API\Catalog.API.csproj", "{709484A1-AEEE-4896-80FC-430E5D10B843}"
EndProject
Project("{9A19103F-16F7-4668-BE54-9A1E7A4F7556}") = "Catalog.Application", "Services\Catalog\Catalog.Application\Catalog.Application.csproj", "{4C7D60FA-2FCB-4CFE-8E94-338A39F67DE7}"
EndProject
Project("{9A19103F-16F7-4668-BE54-9A1E7A4F7556}") = "Catalog.Infrastructure", "Services\Catalog\Catalog.Infrastructure\Catalog.Infrastructure.csproj", "{CC11ECDF-B416-456E-8770-5FEC139E35B8}"
EndProject
Project("{9A19103F-16F7-4668-BE54-9A1E7A4F7556}") = "Catalog.Domain", "Services\Catalog\Catalog.Domain\Catalog.Domain.csproj", "{2A31BA35-2496-4158-8680-B9541C7B847A}"
EndProject
Project("{2150E333-8FDC-42A3-9474-1A3956D46DE8}") = "CatalogCategory", "CatalogCategory", "{CA46A0F7-3D69-4070-8187-D07F471F9C34}"
EndProject
Project("{9A19103F-16F7-4668-BE54-9A1E7A4F7556}") = "CatalogCategory.API", "Services\CatalogCategory\CatalogCategory.API\CatalogCategory.API.csproj", "{F942CF38-BA2C-4A6F-A75C-73821C5A0CB9}"
EndProject
Project("{2150E333-8FDC-42A3-9474-1A3956D46DE8}") = "CatalogBrand", "CatalogBrand", "{84C2FAE3-AAD8-40C7-9DB7-258BE1A93385}"
EndProject
Project("{2150E333-8FDC-42A3-9474-1A3956D46DE8}") = "CatalogComment", "CatalogComment", "{F0DD46D7-9281-46A7-9068-BA4BD55DEFB1}"
EndProject
Project("{9A19103F-16F7-4668-BE54-9A1E7A4F7556}") = "CatalogComment.API", "Services\CatalogComment\CatalogComment.API\CatalogComment.API.csproj", "{4413AB52-9D55-44EF-A7CB-9E4533138379}"
EndProject
Project("{9A19103F-16F7-4668-BE54-9A1E7A4F7556}") = "CatalogBrand.API", "Services\CatalogBrand\CatalogBrand.API\CatalogBrand.API.csproj", "{0C3103E3-F160-4DD2-9DAD-1302B6509C0E}"
EndProject
Project("{E53339B2-1760-4266-BCC7-CA923CBCF16C}") = "docker-compose", "docker-compose.dcproj", "{FCC12DFE-D9AF-4262-91E4-3560763B3138}"
EndProject
Project("{9A19103F-16F7-4668-BE54-9A1E7A4F7556}") = "CatalogCategory.GRPC", "Services\CatalogCategory\CatalogCategory.GRPC\CatalogCategory.GRPC.csproj", "{C8165015-952E-4F2E-95B8-A33728933A46}"
EndProject
Project("{9A19103F-16F7-4668-BE54-9A1E7A4F7556}") = "CatalogBrand.GRPC", "Services\CatalogBrand\CatalogBrand.GRPC\CatalogBrand.GRPC.csproj", "{3EF64FD1-093B-4D7F-961E-B1668D3E761C}"
EndProject
Project("{9A19103F-16F7-4668-BE54-9A1E7A4F7556}") = "Catalog.GRPC", "Services\Catalog\Catalog.GRPC\Catalog.GRPC.csproj", "{E2B67D6F-6CD1-41DD-9001-A455A7621015}"
EndProject
Project("{2150E333-8FDC-42A3-9474-1A3956D46DE8}") = "UserAccount", "UserAccount", "{0A15AC01-D5B6-4115-B945-F91180C5F6B2}"
EndProject
Project("{9A19103F-16F7-4668-BE54-9A1E7A4F7556}") = "UserAccount.API", "Services\UserAccount\UserAccount.API\UserAccount.API.csproj", "{A6E2A9E7-C4B9-4796-AA47-BE24D196D388}"
EndProject
Project("{9A19103F-16F7-4668-BE54-9A1E7A4F7556}") = "UserAccount.GRPC", "Services\UserAccount\UserAccount.GRPC\UserAccount.GRPC.csproj", "{60486025-A0FC-4613-9780-01E8948A2E3F}"
EndProject
Project("{2150E333-8FDC-42A3-9474-1A3956D46DE8}") = "AWS", "AWS", "{3A0B2BBB-617F-4148-94EA-58332BE4E3E5}"
EndProject
Project("{9A19103F-16F7-4668-BE54-9A1E7A4F7556}") = "AWS.API", "Services\AWS\AWS.API\AWS.API.csproj", "{0BA6D9DD-3F63-4B62-BE6A-F93F75E6F320}"
EndProject
Project("{FAE04EC0-301F-11D3-BF4B-00C04F79EFBC}") = "CatalogBrand.Application", "Services\CatalogBrand\CatalogBrand.Application\CatalogBrand.Application.csproj", "{8E9A39E1-BBA6-49E0-9C01-834D68391DC6}"
EndProject
Project("{FAE04EC0-301F-11D3-BF4B-00C04F79EFBC}") = "CatalogBrand.Domain", "Services\CatalogBrand\CatalogBrand.Domain\CatalogBrand.Domain.csproj", "{FB82C16F-F75E-46ED-B2CC-13D70FF04B23}"
EndProject
Project("{FAE04EC0-301F-11D3-BF4B-00C04F79EFBC}") = "CatalogBrand.Infrastructure", "Services\CatalogBrand\CatalogBrand.Infrastructure\CatalogBrand.Infrastructure.csproj", "{20B5DE1C-E809-4F4A-8545-B1A9F930B378}"
EndProject
Global
	GlobalSection(SolutionConfigurationPlatforms) = preSolution
		Debug|Any CPU = Debug|Any CPU
		Release|Any CPU = Release|Any CPU
	EndGlobalSection
	GlobalSection(ProjectConfigurationPlatforms) = postSolution
		{709484A1-AEEE-4896-80FC-430E5D10B843}.Debug|Any CPU.ActiveCfg = Debug|Any CPU
		{709484A1-AEEE-4896-80FC-430E5D10B843}.Debug|Any CPU.Build.0 = Debug|Any CPU
		{709484A1-AEEE-4896-80FC-430E5D10B843}.Release|Any CPU.ActiveCfg = Release|Any CPU
		{709484A1-AEEE-4896-80FC-430E5D10B843}.Release|Any CPU.Build.0 = Release|Any CPU
		{4C7D60FA-2FCB-4CFE-8E94-338A39F67DE7}.Debug|Any CPU.ActiveCfg = Debug|Any CPU
		{4C7D60FA-2FCB-4CFE-8E94-338A39F67DE7}.Debug|Any CPU.Build.0 = Debug|Any CPU
		{4C7D60FA-2FCB-4CFE-8E94-338A39F67DE7}.Release|Any CPU.ActiveCfg = Release|Any CPU
		{4C7D60FA-2FCB-4CFE-8E94-338A39F67DE7}.Release|Any CPU.Build.0 = Release|Any CPU
		{CC11ECDF-B416-456E-8770-5FEC139E35B8}.Debug|Any CPU.ActiveCfg = Debug|Any CPU
		{CC11ECDF-B416-456E-8770-5FEC139E35B8}.Debug|Any CPU.Build.0 = Debug|Any CPU
		{CC11ECDF-B416-456E-8770-5FEC139E35B8}.Release|Any CPU.ActiveCfg = Release|Any CPU
		{CC11ECDF-B416-456E-8770-5FEC139E35B8}.Release|Any CPU.Build.0 = Release|Any CPU
		{2A31BA35-2496-4158-8680-B9541C7B847A}.Debug|Any CPU.ActiveCfg = Debug|Any CPU
		{2A31BA35-2496-4158-8680-B9541C7B847A}.Debug|Any CPU.Build.0 = Debug|Any CPU
		{2A31BA35-2496-4158-8680-B9541C7B847A}.Release|Any CPU.ActiveCfg = Release|Any CPU
		{2A31BA35-2496-4158-8680-B9541C7B847A}.Release|Any CPU.Build.0 = Release|Any CPU
		{F942CF38-BA2C-4A6F-A75C-73821C5A0CB9}.Debug|Any CPU.ActiveCfg = Debug|Any CPU
		{F942CF38-BA2C-4A6F-A75C-73821C5A0CB9}.Debug|Any CPU.Build.0 = Debug|Any CPU
		{F942CF38-BA2C-4A6F-A75C-73821C5A0CB9}.Release|Any CPU.ActiveCfg = Release|Any CPU
		{F942CF38-BA2C-4A6F-A75C-73821C5A0CB9}.Release|Any CPU.Build.0 = Release|Any CPU
		{4413AB52-9D55-44EF-A7CB-9E4533138379}.Debug|Any CPU.ActiveCfg = Debug|Any CPU
		{4413AB52-9D55-44EF-A7CB-9E4533138379}.Debug|Any CPU.Build.0 = Debug|Any CPU
		{4413AB52-9D55-44EF-A7CB-9E4533138379}.Release|Any CPU.ActiveCfg = Release|Any CPU
		{4413AB52-9D55-44EF-A7CB-9E4533138379}.Release|Any CPU.Build.0 = Release|Any CPU
		{0C3103E3-F160-4DD2-9DAD-1302B6509C0E}.Debug|Any CPU.ActiveCfg = Debug|Any CPU
		{0C3103E3-F160-4DD2-9DAD-1302B6509C0E}.Debug|Any CPU.Build.0 = Debug|Any CPU
		{0C3103E3-F160-4DD2-9DAD-1302B6509C0E}.Release|Any CPU.ActiveCfg = Release|Any CPU
		{0C3103E3-F160-4DD2-9DAD-1302B6509C0E}.Release|Any CPU.Build.0 = Release|Any CPU
		{FCC12DFE-D9AF-4262-91E4-3560763B3138}.Debug|Any CPU.ActiveCfg = Debug|Any CPU
		{FCC12DFE-D9AF-4262-91E4-3560763B3138}.Debug|Any CPU.Build.0 = Debug|Any CPU
		{FCC12DFE-D9AF-4262-91E4-3560763B3138}.Release|Any CPU.ActiveCfg = Release|Any CPU
		{FCC12DFE-D9AF-4262-91E4-3560763B3138}.Release|Any CPU.Build.0 = Release|Any CPU
		{C8165015-952E-4F2E-95B8-A33728933A46}.Debug|Any CPU.ActiveCfg = Debug|Any CPU
		{C8165015-952E-4F2E-95B8-A33728933A46}.Debug|Any CPU.Build.0 = Debug|Any CPU
		{C8165015-952E-4F2E-95B8-A33728933A46}.Release|Any CPU.ActiveCfg = Release|Any CPU
		{C8165015-952E-4F2E-95B8-A33728933A46}.Release|Any CPU.Build.0 = Release|Any CPU
		{3EF64FD1-093B-4D7F-961E-B1668D3E761C}.Debug|Any CPU.ActiveCfg = Debug|Any CPU
		{3EF64FD1-093B-4D7F-961E-B1668D3E761C}.Debug|Any CPU.Build.0 = Debug|Any CPU
		{3EF64FD1-093B-4D7F-961E-B1668D3E761C}.Release|Any CPU.ActiveCfg = Release|Any CPU
		{3EF64FD1-093B-4D7F-961E-B1668D3E761C}.Release|Any CPU.Build.0 = Release|Any CPU
		{E2B67D6F-6CD1-41DD-9001-A455A7621015}.Debug|Any CPU.ActiveCfg = Debug|Any CPU
		{E2B67D6F-6CD1-41DD-9001-A455A7621015}.Debug|Any CPU.Build.0 = Debug|Any CPU
		{E2B67D6F-6CD1-41DD-9001-A455A7621015}.Release|Any CPU.ActiveCfg = Release|Any CPU
		{E2B67D6F-6CD1-41DD-9001-A455A7621015}.Release|Any CPU.Build.0 = Release|Any CPU
		{A6E2A9E7-C4B9-4796-AA47-BE24D196D388}.Debug|Any CPU.ActiveCfg = Debug|Any CPU
		{A6E2A9E7-C4B9-4796-AA47-BE24D196D388}.Debug|Any CPU.Build.0 = Debug|Any CPU
		{A6E2A9E7-C4B9-4796-AA47-BE24D196D388}.Release|Any CPU.ActiveCfg = Release|Any CPU
		{A6E2A9E7-C4B9-4796-AA47-BE24D196D388}.Release|Any CPU.Build.0 = Release|Any CPU
		{60486025-A0FC-4613-9780-01E8948A2E3F}.Debug|Any CPU.ActiveCfg = Debug|Any CPU
		{60486025-A0FC-4613-9780-01E8948A2E3F}.Debug|Any CPU.Build.0 = Debug|Any CPU
		{60486025-A0FC-4613-9780-01E8948A2E3F}.Release|Any CPU.ActiveCfg = Release|Any CPU
		{60486025-A0FC-4613-9780-01E8948A2E3F}.Release|Any CPU.Build.0 = Release|Any CPU
		{0BA6D9DD-3F63-4B62-BE6A-F93F75E6F320}.Debug|Any CPU.ActiveCfg = Debug|Any CPU
		{0BA6D9DD-3F63-4B62-BE6A-F93F75E6F320}.Debug|Any CPU.Build.0 = Debug|Any CPU
		{0BA6D9DD-3F63-4B62-BE6A-F93F75E6F320}.Release|Any CPU.ActiveCfg = Release|Any CPU
		{0BA6D9DD-3F63-4B62-BE6A-F93F75E6F320}.Release|Any CPU.Build.0 = Release|Any CPU
		{8E9A39E1-BBA6-49E0-9C01-834D68391DC6}.Debug|Any CPU.ActiveCfg = Debug|Any CPU
		{8E9A39E1-BBA6-49E0-9C01-834D68391DC6}.Debug|Any CPU.Build.0 = Debug|Any CPU
		{8E9A39E1-BBA6-49E0-9C01-834D68391DC6}.Release|Any CPU.ActiveCfg = Release|Any CPU
		{8E9A39E1-BBA6-49E0-9C01-834D68391DC6}.Release|Any CPU.Build.0 = Release|Any CPU
		{FB82C16F-F75E-46ED-B2CC-13D70FF04B23}.Debug|Any CPU.ActiveCfg = Debug|Any CPU
		{FB82C16F-F75E-46ED-B2CC-13D70FF04B23}.Debug|Any CPU.Build.0 = Debug|Any CPU
		{FB82C16F-F75E-46ED-B2CC-13D70FF04B23}.Release|Any CPU.ActiveCfg = Release|Any CPU
		{FB82C16F-F75E-46ED-B2CC-13D70FF04B23}.Release|Any CPU.Build.0 = Release|Any CPU
		{20B5DE1C-E809-4F4A-8545-B1A9F930B378}.Debug|Any CPU.ActiveCfg = Debug|Any CPU
		{20B5DE1C-E809-4F4A-8545-B1A9F930B378}.Debug|Any CPU.Build.0 = Debug|Any CPU
		{20B5DE1C-E809-4F4A-8545-B1A9F930B378}.Release|Any CPU.ActiveCfg = Release|Any CPU
		{20B5DE1C-E809-4F4A-8545-B1A9F930B378}.Release|Any CPU.Build.0 = Release|Any CPU
	EndGlobalSection
	GlobalSection(SolutionProperties) = preSolution
		HideSolutionNode = FALSE
	EndGlobalSection
	GlobalSection(NestedProjects) = preSolution
		{1C93D8E4-333F-4803-826C-237064FE0227} = {D85110A3-F063-479A-93E5-FBDA48E6F976}
		{709484A1-AEEE-4896-80FC-430E5D10B843} = {1C93D8E4-333F-4803-826C-237064FE0227}
		{4C7D60FA-2FCB-4CFE-8E94-338A39F67DE7} = {1C93D8E4-333F-4803-826C-237064FE0227}
		{CC11ECDF-B416-456E-8770-5FEC139E35B8} = {1C93D8E4-333F-4803-826C-237064FE0227}
		{2A31BA35-2496-4158-8680-B9541C7B847A} = {1C93D8E4-333F-4803-826C-237064FE0227}
		{CA46A0F7-3D69-4070-8187-D07F471F9C34} = {D85110A3-F063-479A-93E5-FBDA48E6F976}
		{F942CF38-BA2C-4A6F-A75C-73821C5A0CB9} = {CA46A0F7-3D69-4070-8187-D07F471F9C34}
		{84C2FAE3-AAD8-40C7-9DB7-258BE1A93385} = {D85110A3-F063-479A-93E5-FBDA48E6F976}
		{F0DD46D7-9281-46A7-9068-BA4BD55DEFB1} = {D85110A3-F063-479A-93E5-FBDA48E6F976}
		{4413AB52-9D55-44EF-A7CB-9E4533138379} = {F0DD46D7-9281-46A7-9068-BA4BD55DEFB1}
		{0C3103E3-F160-4DD2-9DAD-1302B6509C0E} = {84C2FAE3-AAD8-40C7-9DB7-258BE1A93385}
		{C8165015-952E-4F2E-95B8-A33728933A46} = {CA46A0F7-3D69-4070-8187-D07F471F9C34}
		{3EF64FD1-093B-4D7F-961E-B1668D3E761C} = {84C2FAE3-AAD8-40C7-9DB7-258BE1A93385}
		{E2B67D6F-6CD1-41DD-9001-A455A7621015} = {1C93D8E4-333F-4803-826C-237064FE0227}
		{0A15AC01-D5B6-4115-B945-F91180C5F6B2} = {D85110A3-F063-479A-93E5-FBDA48E6F976}
		{A6E2A9E7-C4B9-4796-AA47-BE24D196D388} = {0A15AC01-D5B6-4115-B945-F91180C5F6B2}
		{60486025-A0FC-4613-9780-01E8948A2E3F} = {0A15AC01-D5B6-4115-B945-F91180C5F6B2}
		{3A0B2BBB-617F-4148-94EA-58332BE4E3E5} = {D85110A3-F063-479A-93E5-FBDA48E6F976}
		{0BA6D9DD-3F63-4B62-BE6A-F93F75E6F320} = {3A0B2BBB-617F-4148-94EA-58332BE4E3E5}
		{8E9A39E1-BBA6-49E0-9C01-834D68391DC6} = {84C2FAE3-AAD8-40C7-9DB7-258BE1A93385}
		{FB82C16F-F75E-46ED-B2CC-13D70FF04B23} = {84C2FAE3-AAD8-40C7-9DB7-258BE1A93385}
		{20B5DE1C-E809-4F4A-8545-B1A9F930B378} = {84C2FAE3-AAD8-40C7-9DB7-258BE1A93385}
	EndGlobalSection
	GlobalSection(ExtensibilityGlobals) = postSolution
		SolutionGuid = {6192FE8C-FB5A-47BE-9ACC-902BF5209F2D}
	EndGlobalSection
EndGlobal
